
Microsoft Visual Studio Solution File, Format Version 12.00
# Visual Studio Version 16
VisualStudioVersion = 16.0.29911.84
MinimumVisualStudioVersion = 10.0.40219.1
Project("{9A19103F-16F7-4668-BE54-9A1E7A4F7556}") = "eShopSolution.WebApp", "eShopSolution.WebApp\eShopSolution.WebApp.csproj", "{E42169A6-8388-4A54-9DAA-24E260ABA380}"
EndProject
Project("{2150E333-8FDC-42A3-9474-1A3956D46DE8}") = "Solution Items", "Solution Items", "{F42697FF-9BEA-4C37-9E91-90A28A055744}"
	ProjectSection(SolutionItems) = preProject
		README.md = README.md
	EndProjectSection
EndProject
Project("{9A19103F-16F7-4668-BE54-9A1E7A4F7556}") = "eShopSolution.Data", "eShopSolution.Data\eShopSolution.Data.csproj", "{93E1527A-4DCE-447A-9E08-D9D903A023BD}"
EndProject
Project("{9A19103F-16F7-4668-BE54-9A1E7A4F7556}") = "eShopSolution.Application", "eShopSolution.Application\eShopSolution.Application.csproj", "{6D50339C-0E0A-49E5-A074-D1C625EBAC5C}"
EndProject
Project("{9A19103F-16F7-4668-BE54-9A1E7A4F7556}") = "eShopSolution.Utilities", "eShopSolution.Utilities\eShopSolution.Utilities.csproj", "{BBC5C089-F80D-454F-9973-DDD562905711}"
EndProject
Project("{9A19103F-16F7-4668-BE54-9A1E7A4F7556}") = "eShopSolution.ViewModels", "eShopSolution.ViewModels\eShopSolution.ViewModels.csproj", "{A2C18BA9-7AC8-4117-9DB4-AF8109F214AC}"
EndProject
Project("{FAE04EC0-301F-11D3-BF4B-00C04F79EFBC}") = "eShopSolution.BackendApi", "eShopSolution.BackendApi\eShopSolution.BackendApi.csproj", "{866B8606-9E38-480D-AB8B-ED818D8FBBC5}"
EndProject
Global
	GlobalSection(SolutionConfigurationPlatforms) = preSolution
		Debug|Any CPU = Debug|Any CPU
		Release|Any CPU = Release|Any CPU
	EndGlobalSection
	GlobalSection(ProjectConfigurationPlatforms) = postSolution
		{E42169A6-8388-4A54-9DAA-24E260ABA380}.Debug|Any CPU.ActiveCfg = Debug|Any CPU
		{E42169A6-8388-4A54-9DAA-24E260ABA380}.Debug|Any CPU.Build.0 = Debug|Any CPU
		{E42169A6-8388-4A54-9DAA-24E260ABA380}.Release|Any CPU.ActiveCfg = Release|Any CPU
		{E42169A6-8388-4A54-9DAA-24E260ABA380}.Release|Any CPU.Build.0 = Release|Any CPU
		{93E1527A-4DCE-447A-9E08-D9D903A023BD}.Debug|Any CPU.ActiveCfg = Debug|Any CPU
		{93E1527A-4DCE-447A-9E08-D9D903A023BD}.Debug|Any CPU.Build.0 = Debug|Any CPU
		{93E1527A-4DCE-447A-9E08-D9D903A023BD}.Release|Any CPU.ActiveCfg = Release|Any CPU
		{93E1527A-4DCE-447A-9E08-D9D903A023BD}.Release|Any CPU.Build.0 = Release|Any CPU
		{6D50339C-0E0A-49E5-A074-D1C625EBAC5C}.Debug|Any CPU.ActiveCfg = Debug|Any CPU
		{6D50339C-0E0A-49E5-A074-D1C625EBAC5C}.Debug|Any CPU.Build.0 = Debug|Any CPU
		{6D50339C-0E0A-49E5-A074-D1C625EBAC5C}.Release|Any CPU.ActiveCfg = Release|Any CPU
		{6D50339C-0E0A-49E5-A074-D1C625EBAC5C}.Release|Any CPU.Build.0 = Release|Any CPU
		{BBC5C089-F80D-454F-9973-DDD562905711}.Debug|Any CPU.ActiveCfg = Debug|Any CPU
		{BBC5C089-F80D-454F-9973-DDD562905711}.Debug|Any CPU.Build.0 = Debug|Any CPU
		{BBC5C089-F80D-454F-9973-DDD562905711}.Release|Any CPU.ActiveCfg = Release|Any CPU
		{BBC5C089-F80D-454F-9973-DDD562905711}.Release|Any CPU.Build.0 = Release|Any CPU
		{A2C18BA9-7AC8-4117-9DB4-AF8109F214AC}.Debug|Any CPU.ActiveCfg = Debug|Any CPU
		{A2C18BA9-7AC8-4117-9DB4-AF8109F214AC}.Debug|Any CPU.Build.0 = Debug|Any CPU
		{A2C18BA9-7AC8-4117-9DB4-AF8109F214AC}.Release|Any CPU.ActiveCfg = Release|Any CPU
		{A2C18BA9-7AC8-4117-9DB4-AF8109F214AC}.Release|Any CPU.Build.0 = Release|Any CPU
		{866B8606-9E38-480D-AB8B-ED818D8FBBC5}.Debug|Any CPU.ActiveCfg = Debug|Any CPU
		{866B8606-9E38-480D-AB8B-ED818D8FBBC5}.Debug|Any CPU.Build.0 = Debug|Any CPU
		{866B8606-9E38-480D-AB8B-ED818D8FBBC5}.Release|Any CPU.ActiveCfg = Release|Any CPU
		{866B8606-9E38-480D-AB8B-ED818D8FBBC5}.Release|Any CPU.Build.0 = Release|Any CPU
	EndGlobalSection
	GlobalSection(SolutionProperties) = preSolution
		HideSolutionNode = FALSE
	EndGlobalSection
	GlobalSection(ExtensibilityGlobals) = postSolution
		SolutionGuid = {BB3021B2-57B4-4767-B4BA-F7E2C2B971C9}
	EndGlobalSection
EndGlobal
